
Microsoft Visual Studio Solution File, Format Version 12.00
# Visual Studio 15
VisualStudioVersion = 15.0.28010.2046
MinimumVisualStudioVersion = 10.0.40219.1
Project("{FAE04EC0-301F-11D3-BF4B-00C04F79EFBC}") = "MyPaveSur", "MyPaveSur\MyPaveSur.csproj", "{93107693-AF91-4202-9DA4-137FD9F07888}"
EndProject
Global
	GlobalSection(SolutionConfigurationPlatforms) = preSolution
		Debug|Any CPU = Debug|Any CPU
		Release|Any CPU = Release|Any CPU
	EndGlobalSection
	GlobalSection(ProjectConfigurationPlatforms) = postSolution
		{93107693-AF91-4202-9DA4-137FD9F07888}.Debug|Any CPU.ActiveCfg = Debug|Any CPU
		{93107693-AF91-4202-9DA4-137FD9F07888}.Debug|Any CPU.Build.0 = Debug|Any CPU
		{93107693-AF91-4202-9DA4-137FD9F07888}.Release|Any CPU.ActiveCfg = Release|Any CPU
		{93107693-AF91-4202-9DA4-137FD9F07888}.Release|Any CPU.Build.0 = Release|Any CPU
	EndGlobalSection
	GlobalSection(SolutionProperties) = preSolution
		HideSolutionNode = FALSE
	EndGlobalSection
	GlobalSection(ExtensibilityGlobals) = postSolution
		SolutionGuid = {4522501A-DCF8-4F15-B3CB-BC981221A555}
	EndGlobalSection
EndGlobal
